
Microsoft Visual Studio Solution File, Format Version 12.00
# Visual Studio 15
VisualStudioVersion = 15.0.28307.271
MinimumVisualStudioVersion = 10.0.40219.1
Project("{FAE04EC0-301F-11D3-BF4B-00C04F79EFBC}") = "ConsumidorWebServiceJava", "ConsumidorWebServiceJava\ConsumidorWebServiceJava.csproj", "{ABA7BD0A-F7E4-450B-A12C-F5DC220708BF}"
EndProject
Global
	GlobalSection(SolutionConfigurationPlatforms) = preSolution
		Debug|Any CPU = Debug|Any CPU
		Release|Any CPU = Release|Any CPU
	EndGlobalSection
	GlobalSection(ProjectConfigurationPlatforms) = postSolution
		{ABA7BD0A-F7E4-450B-A12C-F5DC220708BF}.Debug|Any CPU.ActiveCfg = Debug|Any CPU
		{ABA7BD0A-F7E4-450B-A12C-F5DC220708BF}.Debug|Any CPU.Build.0 = Debug|Any CPU
		{ABA7BD0A-F7E4-450B-A12C-F5DC220708BF}.Release|Any CPU.ActiveCfg = Release|Any CPU
		{ABA7BD0A-F7E4-450B-A12C-F5DC220708BF}.Release|Any CPU.Build.0 = Release|Any CPU
	EndGlobalSection
	GlobalSection(SolutionProperties) = preSolution
		HideSolutionNode = FALSE
	EndGlobalSection
	GlobalSection(ExtensibilityGlobals) = postSolution
		SolutionGuid = {175EB99E-389E-43D2-84AE-A7EEBD37C15D}
	EndGlobalSection
EndGlobal
